github.com/snapcoreinc/dih-golang-sdk v0.0.0-20200727150618-299f34d74b91 h1:+wDd+SsSAjhK8+Slb0K58fWoSP0KmeJRgwzIvUqNkuw=
github.com/snapcoreinc/dih-golang-sdk v0.0.0-20200727150618-299f34d74b91/go.mod h1:u3GiHFtn93UNi3GRuqwz8ZF7ixnoOdno0DYJ8gJzj0E=
github.com/snapcoreinc/dih-golang-sdk v0.0.0-20200727172407-22c4dae9c6a7 h1:hZI2pZUco1oTIKk+bdLWm+Nrs782mEYqq9h+lDVi5QY=
github.com/snapcoreinc/dih-golang-sdk v0.0.0-20200727172407-22c4dae9c6a7/go.mod h1:u3GiHFtn93UNi3GRuqwz8ZF7ixnoOdno0DYJ8gJzj0E=
